
Microsoft Visual Studio Solution File, Format Version 12.00
# Visual Studio 14
VisualStudioVersion = 14.0.25420.1
MinimumVisualStudioVersion = 10.0.40219.1
Project("{FAE04EC0-301F-11D3-BF4B-00C04F79EFBC}") = "AdditiveSecretFunction", "..\..\Projects\AdditiveSecretFunction\AdditiveSecretFunction.csproj", "{3E153EF7-C965-4F63-9F6B-EE74F0497562}"
	ProjectSection(ProjectDependencies) = postProject
		{ED605065-EE67-4932-8535-67E9453D2889} = {ED605065-EE67-4932-8535-67E9453D2889}
	EndProjectSection
EndProject
Project("{FAE04EC0-301F-11D3-BF4B-00C04F79EFBC}") = "AdditiveSecretFunction.Services", "..\..\Projects\AdditiveSecretFunction.Services\AdditiveSecretFunction.Services.csproj", "{ED605065-EE67-4932-8535-67E9453D2889}"
EndProject
Project("{2150E333-8FDC-42A3-9474-1A3956D46DE8}") = "Tests", "Tests", "{753F8638-38AF-4BE6-99AC-838089B98034}"
EndProject
Project("{FAE04EC0-301F-11D3-BF4B-00C04F79EFBC}") = "AdditiveSecretFunction.Services.Tests", "..\..\Tests\AdditiveSecretFunction.Services.Tests\AdditiveSecretFunction.Services.Tests.csproj", "{8A0859AB-CF91-4ED2-BD21-7759D0FAFFBB}"
EndProject
Global
	GlobalSection(SolutionConfigurationPlatforms) = preSolution
		Debug|Any CPU = Debug|Any CPU
		Release|Any CPU = Release|Any CPU
	EndGlobalSection
	GlobalSection(ProjectConfigurationPlatforms) = postSolution
		{3E153EF7-C965-4F63-9F6B-EE74F0497562}.Debug|Any CPU.ActiveCfg = Debug|Any CPU
		{3E153EF7-C965-4F63-9F6B-EE74F0497562}.Debug|Any CPU.Build.0 = Debug|Any CPU
		{3E153EF7-C965-4F63-9F6B-EE74F0497562}.Release|Any CPU.ActiveCfg = Release|Any CPU
		{3E153EF7-C965-4F63-9F6B-EE74F0497562}.Release|Any CPU.Build.0 = Release|Any CPU
		{ED605065-EE67-4932-8535-67E9453D2889}.Debug|Any CPU.ActiveCfg = Debug|Any CPU
		{ED605065-EE67-4932-8535-67E9453D2889}.Debug|Any CPU.Build.0 = Debug|Any CPU
		{ED605065-EE67-4932-8535-67E9453D2889}.Release|Any CPU.ActiveCfg = Release|Any CPU
		{ED605065-EE67-4932-8535-67E9453D2889}.Release|Any CPU.Build.0 = Release|Any CPU
		{8A0859AB-CF91-4ED2-BD21-7759D0FAFFBB}.Debug|Any CPU.ActiveCfg = Debug|Any CPU
		{8A0859AB-CF91-4ED2-BD21-7759D0FAFFBB}.Debug|Any CPU.Build.0 = Debug|Any CPU
		{8A0859AB-CF91-4ED2-BD21-7759D0FAFFBB}.Release|Any CPU.ActiveCfg = Release|Any CPU
		{8A0859AB-CF91-4ED2-BD21-7759D0FAFFBB}.Release|Any CPU.Build.0 = Release|Any CPU
	EndGlobalSection
	GlobalSection(SolutionProperties) = preSolution
		HideSolutionNode = FALSE
	EndGlobalSection
	GlobalSection(NestedProjects) = preSolution
		{8A0859AB-CF91-4ED2-BD21-7759D0FAFFBB} = {753F8638-38AF-4BE6-99AC-838089B98034}
	EndGlobalSection
EndGlobal
